
Microsoft Visual Studio Solution File, Format Version 12.00
# Visual Studio Version 17
VisualStudioVersion = 17.10.35027.167
MinimumVisualStudioVersion = 10.0.40219.1
Project("{FAE04EC0-301F-11D3-BF4B-00C04F79EFBC}") = "BookStoreApi", "BookStoreApi.csproj", "{54966BE4-2F5B-483D-A0DC-FF01A981896E}"
EndProject
Global
	GlobalSection(SolutionConfigurationPlatforms) = preSolution
		Debug|Any CPU = Debug|Any CPU
		Release|Any CPU = Release|Any CPU
	EndGlobalSection
	GlobalSection(ProjectConfigurationPlatforms) = postSolution
		{54966BE4-2F5B-483D-A0DC-FF01A981896E}.Debug|Any CPU.ActiveCfg = Debug|Any CPU
		{54966BE4-2F5B-483D-A0DC-FF01A981896E}.Debug|Any CPU.Build.0 = Debug|Any CPU
		{54966BE4-2F5B-483D-A0DC-FF01A981896E}.Release|Any CPU.ActiveCfg = Release|Any CPU
		{54966BE4-2F5B-483D-A0DC-FF01A981896E}.Release|Any CPU.Build.0 = Release|Any CPU
	EndGlobalSection
	GlobalSection(SolutionProperties) = preSolution
		HideSolutionNode = FALSE
	EndGlobalSection
	GlobalSection(ExtensibilityGlobals) = postSolution
		SolutionGuid = {CA65BC89-D7B9-4E50-84C2-AC2213BDF8F2}
	EndGlobalSection
EndGlobal
